
Microsoft Visual Studio Solution File, Format Version 12.00
# Visual Studio 15
VisualStudioVersion = 15.0.27130.2026
MinimumVisualStudioVersion = 10.0.40219.1
Project("{FAE04EC0-301F-11D3-BF4B-00C04F79EFBC}") = "Servo Position Recorder", "Servo Position Recorder\Servo Position Recorder.csproj", "{86C4D370-1890-4C92-B556-D5CAFCEFCC82}"
EndProject
Global
	GlobalSection(SolutionConfigurationPlatforms) = preSolution
		Debug|Any CPU = Debug|Any CPU
		Release|Any CPU = Release|Any CPU
	EndGlobalSection
	GlobalSection(ProjectConfigurationPlatforms) = postSolution
		{86C4D370-1890-4C92-B556-D5CAFCEFCC82}.Debug|Any CPU.ActiveCfg = Debug|Any CPU
		{86C4D370-1890-4C92-B556-D5CAFCEFCC82}.Debug|Any CPU.Build.0 = Debug|Any CPU
		{86C4D370-1890-4C92-B556-D5CAFCEFCC82}.Release|Any CPU.ActiveCfg = Release|Any CPU
		{86C4D370-1890-4C92-B556-D5CAFCEFCC82}.Release|Any CPU.Build.0 = Release|Any CPU
	EndGlobalSection
	GlobalSection(SolutionProperties) = preSolution
		HideSolutionNode = FALSE
	EndGlobalSection
	GlobalSection(ExtensibilityGlobals) = postSolution
		SolutionGuid = {FD605FFE-C5B9-4ED9-A613-CB8EFC7B70D0}
	EndGlobalSection
EndGlobal
